// !$*UTF8*$!
{
	archiveVersion = 1;
	classes = {
	};
	objectVersion = 50;
	objects = {

/* Begin PBXBuildFile section */
		035EABC721555DC5007CD49C /* AppDelegate.swift in Sources */ = {isa = PBXBuildFile; fileRef = 035EABC621555DC5007CD49C /* AppDelegate.swift */; };
		035EABC921555DC5007CD49C /* RecordViewController.swift in Sources */ = {isa = PBXBuildFile; fileRef = 035EABC821555DC5007CD49C /* RecordViewController.swift */; };
		035EABCC21555DC5007CD49C /* Main.storyboard in Resources */ = {isa = PBXBuildFile; fileRef = 035EABCA21555DC5007CD49C /* Main.storyboard */; };
		035EABCE21555DC6007CD49C /* Assets.xcassets in Resources */ = {isa = PBXBuildFile; fileRef = 035EABCD21555DC6007CD49C /* Assets.xcassets */; };
		035EABD121555DC6007CD49C /* LaunchScreen.storyboard in Resources */ = {isa = PBXBuildFile; fileRef = 035EABCF21555DC6007CD49C /* LaunchScreen.storyboard */; };
		035EABD921556F0C007CD49C /* PlaySoundViewController.swift in Sources */ = {isa = PBXBuildFile; fileRef = 035EABD821556F0C007CD49C /* PlaySoundViewController.swift */; };
		035EABDD21558DAA007CD49C /* PlaySoundViewController+Audio.swift in Sources */ = {isa = PBXBuildFile; fileRef = 035EABDC21558DAA007CD49C /* PlaySoundViewController+Audio.swift */; };
/* End PBXBuildFile section */

/* Begin PBXFileReference section */
		035EABC321555DC5007CD49C /* VoiceChanger.app */ = {isa = PBXFileReference; explicitFileType = wrapper.application; includeInIndex = 0; path = VoiceChanger.app; sourceTree = BUILT_PRODUCTS_DIR; };
		035EABC621555DC5007CD49C /* AppDelegate.swift */ = {isa = PBXFileReference; lastKnownFileType = sourcecode.swift; path = AppDelegate.swift; sourceTree = "<group>"; };
		035EABC821555DC5007CD49C /* RecordViewController.swift */ = {isa = PBXFileReference; lastKnownFileType = sourcecode.swift; path = RecordViewController.swift; sourceTree = "<group>"; };
		035EABCB21555DC5007CD49C /* Base */ = {isa = PBXFileReference; lastKnownFileType = file.storyboard; name = Base; path = Base.lproj/Main.storyboard; sourceTree = "<group>"; };
		035EABCD21555DC6007CD49C /* Assets.xcassets */ = {isa = PBXFileReference; lastKnownFileType = folder.assetcatalog; path = Assets.xcassets; sourceTree = "<group>"; };
		035EABD021555DC6007CD49C /* Base */ = {isa = PBXFileReference; lastKnownFileType = file.storyboard; name = Base; path = Base.lproj/LaunchScreen.storyboard; sourceTree = "<group>"; };
		035EABD221555DC6007CD49C /* Info.plist */ = {isa = PBXFileReference; lastKnownFileType = text.plist.xml; path = Info.plist; sourceTree = "<group>"; };
		035EABD821556F0C007CD49C /* PlaySoundViewController.swift */ = {isa = PBXFileReference; lastKnownFileType = sourcecode.swift; path = PlaySoundViewController.swift; sourceTree = "<group>"; };
		035EABDC21558DAA007CD49C /* PlaySoundViewController+Audio.swift */ = {isa = PBXFileReference; lastKnownFileType = sourcecode.swift; path = "PlaySoundViewController+Audio.swift"; sourceTree = "<group>"; };
/* End PBXFileReference section */

/* Begin PBXFrameworksBuildPhase section */
		035EABC021555DC5007CD49C /* Frameworks */ = {
			isa = PBXFrameworksBuildPhase;
			buildActionMask = 2147483647;
			files = (
			);
			runOnlyForDeploymentPostprocessing = 0;
		};
/* End PBXFrameworksBuildPhase section */

/* Begin PBXGroup section */
		035EABBA21555DC5007CD49C = {
			isa = PBXGroup;
			children = (
				035EABC521555DC5007CD49C /* VoiceChanger */,
				035EABC421555DC5007CD49C /* Products */,
			);
			sourceTree = "<group>";
		};
		035EABC421555DC5007CD49C /* Products */ = {
			isa = PBXGroup;
			children = (
				035EABC321555DC5007CD49C /* VoiceChanger.app */,
			);
			name = Products;
			sourceTree = "<group>";
		};
		035EABC521555DC5007CD49C /* VoiceChanger */ = {
			isa = PBXGroup;
			children = (
				035EABC621555DC5007CD49C /* AppDelegate.swift */,
				035EABC821555DC5007CD49C /* RecordViewController.swift */,
				035EABD821556F0C007CD49C /* PlaySoundViewController.swift */,
				035EABCA21555DC5007CD49C /* Main.storyboard */,
				035EABCD21555DC6007CD49C /* Assets.xcassets */,
				035EABCF21555DC6007CD49C /* LaunchScreen.storyboard */,
				035EABD221555DC6007CD49C /* Info.plist */,
				035EABDC21558DAA007CD49C /* PlaySoundViewController+Audio.swift */,
			);
			path = VoiceChanger;
			sourceTree = "<group>";
		};
/* End PBXGroup section */

/* Begin PBXNativeTarget section */
		035EABC221555DC5007CD49C /* VoiceChanger */ = {
			isa = PBXNativeTarget;
			buildConfigurationList = 035EABD521555DC6007CD49C /* Build configuration list for PBXNativeTarget "VoiceChanger" */;
			buildPhases = (
				035EABBF21555DC5007CD49C /* Sources */,
				035EABC021555DC5007CD49C /* Frameworks */,
				035EABC121555DC5007CD49C /* Resources */,
			);
			buildRules = (
			);
			dependencies = (
			);
			name = VoiceChanger;
			productName = VoiceChanger;
			productReference = 035EABC321555DC5007CD49C /* VoiceChanger.app */;
			productType = "com.apple.product-type.application";
		};
/* End PBXNativeTarget section */

/* Begin PBXProject section */
		035EABBB21555DC5007CD49C /* Project object */ = {
			isa = PBXProject;
			attributes = {
				LastSwiftUpdateCheck = 1000;
				LastUpgradeCheck = 1000;
				ORGANIZATIONNAME = "Bold Lion";
				TargetAttributes = {
					035EABC221555DC5007CD49C = {
						CreatedOnToolsVersion = 10.0;
					};
				};
			};
			buildConfigurationList = 035EABBE21555DC5007CD49C /* Build configuration list for PBXProject "VoiceChanger" */;
			compatibilityVersion = "Xcode 9.3";
			developmentRegion = en;
			hasScannedForEncodings = 0;
			knownRegions = (
				en,
				Base,
			);
			mainGroup = 035EABBA21555DC5007CD49C;
			productRefGroup = 035EABC421555DC5007CD49C /* Products */;
			projectDirPath = "";
			projectRoot = "";
			targets = (
				035EABC221555DC5007CD49C /* VoiceChanger */,
			);
		};
/* End PBXProject section */

/* Begin PBXResourcesBuildPhase section */
		035EABC121555DC5007CD49C /* Resources */ = {
			isa = PBXResourcesBuildPhase;
			buildActionMask = 2147483647;
			files = (
				035EABD121555DC6007CD49C /* LaunchScreen.storyboard in Resources */,
				035EABCE21555DC6007CD49C /* Assets.xcassets in Resources */,
				035EABCC21555DC5007CD49C /* Main.storyboard in Resources */,
			);
			runOnlyForDeploymentPostprocessing = 0;
		};
/* End PBXResourcesBuildPhase section */

/* Begin PBXSourcesBuildPhase section */
		035EABBF21555DC5007CD49C /* Sources */ = {
			isa = PBXSourcesBuildPhase;
			buildActionMask = 2147483647;
			files = (
				035EABC921555DC5007CD49C /* RecordViewController.swift in Sources */,
				035EABDD21558DAA007CD49C /* PlaySoundViewController+Audio.swift in Sources */,
				035EABC721555DC5007CD49C /* AppDelegate.swift in Sources */,
				035EABD921556F0C007CD49C /* PlaySoundViewController.swift in Sources */,
			);
			runOnlyForDeploymentPostprocessing = 0;
		};
/* End PBXSourcesBuildPhase section */

/* Begin PBXVariantGroup section */
		035EABCA21555DC5007CD49C /* Main.storyboard */ = {
			isa = PBXVariantGroup;
			children = (
				035EABCB21555DC5007CD49C /* Base */,
			);
			name = Main.storyboard;
			sourceTree = "<group>";
		};
		035EABCF21555DC6007CD49C /* LaunchScreen.storyboard */ = {
			isa = PBXVariantGroup;
			children = (
				035EABD021555DC6007CD49C /* Base */,
			);
			name = LaunchScreen.storyboard;
			sourceTree = "<group>";
		};
/* End PBXVariantGroup section */

/* Begin XCBuildConfiguration section */
		035EABD321555DC6007CD49C /* Debug */ = {
			isa = XCBuildConfiguration;
			buildSettings = {
				ALWAYS_SEARCH_USER_PATHS = NO;
				CLANG_ANALYZER_NONNULL = YES;
				CLANG_ANALYZER_NUMBER_OBJECT_CONVERSION = YES_AGGRESSIVE;
				CLANG_CXX_LANGUAGE_STANDARD = "gnu++14";
				CLANG_CXX_LIBRARY = "libc++";
				CLANG_ENABLE_MODULES = YES;
				CLANG_ENABLE_OBJC_ARC = YES;
				CLANG_ENABLE_OBJC_WEAK = YES;
				CLANG_WARN_BLOCK_CAPTURE_AUTORELEASING = YES;
				CLANG_WARN_BOOL_CONVERSION = YES;
				CLANG_WARN_COMMA = YES;
				CLANG_WARN_CONSTANT_CONVERSION = YES;
				CLANG_WARN_DEPRECATED_OBJC_IMPLEMENTATIONS = YES;
				CLANG_WARN_DIRECT_OBJC_ISA_USAGE = YES_ERROR;
				CLANG_WARN_DOCUMENTATION_COMMENTS = YES;
				CLANG_WARN_EMPTY_BODY = YES;
				CLANG_WARN_ENUM_CONVERSION = YES;
				CLANG_WARN_INFINITE_RECURSION = YES;
				CLANG_WARN_INT_CONVERSION = YES;
				CLANG_WARN_NON_LITERAL_NULL_CONVERSION = YES;
				CLANG_WARN_OBJC_IMPLICIT_RETAIN_SELF = YES;
				CLANG_WARN_OBJC_LITERAL_CONVERSION = YES;
				CLANG_WARN_OBJC_ROOT_CLASS = YES_ERROR;
				CLANG_WARN_RANGE_LOOP_ANALYSIS = YES;
				CLANG_WARN_STRICT_PROTOTYPES = YES;
				CLANG_WARN_SUSPICIOUS_MOVE = YES;
				CLANG_WARN_UNGUARDED_AVAILABILITY = YES_AGGRESSIVE;
				CLANG_WARN_UNREACHABLE_CODE = YES;
				CLANG_WARN__DUPLICATE_METHOD_MATCH = YES;
				CODE_SIGN_IDENTITY = "iPhone Developer";
				COPY_PHASE_STRIP = NO;
				DEBUG_INFORMATION_FORMAT = dwarf;
				ENABLE_STRICT_OBJC_MSGSEND = YES;
				ENABLE_TESTABILITY = YES;
				GCC_C_LANGUAGE_STANDARD = gnu11;
				GCC_DYNAMIC_NO_PIC = NO;
				GCC_NO_COMMON_BLOCKS = YES;
				GCC_OPTIMIZATION_LEVEL = 0;
				GCC_PREPROCESSOR_DEFINITIONS = (
					"DEBUG=1",
					"$(inherited)",
				);
				GCC_WARN_64_TO_32_BIT_CONVERSION = YES;
				GCC_WARN_ABOUT_RETURN_TYPE = YES_ERROR;
				GCC_WARN_UNDECLARED_SELECTOR = YES;
				GCC_WARN_UNINITIALIZED_AUTOS = YES_AGGRESSIVE;
				GCC_WARN_UNUSED_FUNCTION = YES;
				GCC_WARN_UNUSED_VARIABLE = YES;
				IPHONEOS_DEPLOYMENT_TARGET = 12.0;
				MTL_ENABLE_DEBUG_INFO = INCLUDE_SOURCE;
				MTL_FAST_MATH = YES;
				ONLY_ACTIVE_ARCH = YES;
				SDKROOT = iphoneos;
				SWIFT_ACTIVE_COMPILATION_CONDITIONS = DEBUG;
				SWIFT_OPTIMIZATION_LEVEL = "-Onone";
			};
			name = Debug;
		};
		035EABD421555DC6007CD49C /* Release */ = {
			isa = XCBuildConfiguration;
			buildSettings = {
				ALWAYS_SEARCH_USER_PATHS = NO;
				CLANG_ANALYZER_NONNULL = YES;
				CLANG_ANALYZER_NUMBER_OBJECT_CONVERSION = YES_AGGRESSIVE;
				CLANG_CXX_LANGUAGE_STANDARD = "gnu++14";
				CLANG_CXX_LIBRARY = "libc++";
				CLANG_ENABLE_MODULES = YES;
				CLANG_ENABLE_OBJC_ARC = YES;
				CLANG_ENABLE_OBJC_WEAK = YES;
				CLANG_WARN_BLOCK_CAPTURE_AUTORELEASING = YES;
				CLANG_WARN_BOOL_CONVERSION = YES;
				CLANG_WARN_COMMA = YES;
				CLANG_WARN_CONSTANT_CONVERSION = YES;
				CLANG_WARN_DEPRECATED_OBJC_IMPLEMENTATIONS = YES;
				CLANG_WARN_DIRECT_OBJC_ISA_USAGE = YES_ERROR;
				CLANG_WARN_DOCUMENTATION_COMMENTS = YES;
				CLANG_WARN_EMPTY_BODY = YES;
				CLANG_WARN_ENUM_CONVERSION = YES;
				CLANG_WARN_INFINITE_RECURSION = YES;
				CLANG_WARN_INT_CONVERSION = YES;
				CLANG_WARN_NON_LITERAL_NULL_CONVERSION = YES;
				CLANG_WARN_OBJC_IMPLICIT_RETAIN_SELF = YES;
				CLANG_WARN_OBJC_LITERAL_CONVERSION = YES;
				CLANG_WARN_OBJC_ROOT_CLASS = YES_ERROR;
				CLANG_WARN_RANGE_LOOP_ANALYSIS = YES;
				CLANG_WARN_STRICT_PROTOTYPES = YES;
				CLANG_WARN_SUSPICIOUS_MOVE = YES;
				CLANG_WARN_UNGUARDED_AVAILABILITY = YES_AGGRESSIVE;
				CLANG_WARN_UNREACHABLE_CODE = YES;
				CLANG_WARN__DUPLICATE_METHOD_MATCH = YES;
				CODE_SIGN_IDENTITY = "iPhone Developer";
				COPY_PHASE_STRIP = NO;
				DEBUG_INFORMATION_FORMAT = "dwarf-with-dsym";
				ENABLE_NS_ASSERTIONS = NO;
				ENABLE_STRICT_OBJC_MSGSEND = YES;
				GCC_C_LANGUAGE_STANDARD = gnu11;
				GCC_NO_COMMON_BLOCKS = YES;
				GCC_WARN_64_TO_32_BIT_CONVERSION = YES;
				GCC_WARN_ABOUT_RETURN_TYPE = YES_ERROR;
				GCC_WARN_UNDECLARED_SELECTOR = YES;
				GCC_WARN_UNINITIALIZED_AUTOS = YES_AGGRESSIVE;
				GCC_WARN_UNUSED_FUNCTION = YES;
				GCC_WARN_UNUSED_VARIABLE = YES;
				IPHONEOS_DEPLOYMENT_TARGET = 12.0;
				MTL_ENABLE_DEBUG_INFO = NO;
				MTL_FAST_MATH = YES;
				SDKROOT = iphoneos;
				SWIFT_COMPILATION_MODE = wholemodule;
				SWIFT_OPTIMIZATION_LEVEL = "-O";
				VALIDATE_PRODUCT = YES;
			};
			name = Release;
		};
		035EABD621555DC6007CD49C /* Debug */ = {
			isa = XCBuildConfiguration;
			buildSettings = {
				ASSETCATALOG_COMPILER_APPICON_NAME = AppIcon;
				CODE_SIGN_STYLE = Automatic;
				DEVELOPMENT_TEAM = C7Z3QND73W;
				INFOPLIST_FILE = VoiceChanger/Info.plist;
				LD_RUNPATH_SEARCH_PATHS = (
					"$(inherited)",
					"@executable_path/Frameworks",
				);
				PRODUCT_BUNDLE_IDENTIFIER = com.example.VoiceChanger;
				PRODUCT_NAME = "$(TARGET_NAME)";
				SWIFT_VERSION = 4.2;
				TARGETED_DEVICE_FAMILY = "1,2";
			};
			name = Debug;
		};
		035EABD721555DC6007CD49C /* Release */ = {
			isa = XCBuildConfiguration;
			buildSettings = {
				ASSETCATALOG_COMPILER_APPICON_NAME = AppIcon;
				CODE_SIGN_STYLE = Automatic;
				DEVELOPMENT_TEAM = C7Z3QND73W;
				INFOPLIST_FILE = VoiceChanger/Info.plist;
				LD_RUNPATH_SEARCH_PATHS = (
					"$(inherited)",
					"@executable_path/Frameworks",
				);
				PRODUCT_BUNDLE_IDENTIFIER = com.example.VoiceChanger;
				PRODUCT_NAME = "$(TARGET_NAME)";
				SWIFT_VERSION = 4.2;
				TARGETED_DEVICE_FAMILY = "1,2";
			};
			name = Release;
		};
/* End XCBuildConfiguration section */

/* Begin XCConfigurationList section */
		035EABBE21555DC5007CD49C /* Build configuration list for PBXProject "VoiceChanger" */ = {
			isa = XCConfigurationList;
			buildConfigurations = (
				035EABD321555DC6007CD49C /* Debug */,
				035EABD421555DC6007CD49C /* Release */,
			);
			defaultConfigurationIsVisible = 0;
			defaultConfigurationName = Release;
		};
		035EABD521555DC6007CD49C /* Build configuration list for PBXNativeTarget "VoiceChanger" */ = {
			isa = XCConfigurationList;
			buildConfigurations = (
				035EABD621555DC6007CD49C /* Debug */,
				035EABD721555DC6007CD49C /* Release */,
			);
			defaultConfigurationIsVisible = 0;
			defaultConfigurationName = Release;
		};
/* End XCConfigurationList section */
	};
	rootObject = 035EABBB21555DC5007CD49C /* Project object */;
}
